// !$*UTF8*$!
{
	archiveVersion = 1;
	classes = {
	};
	objectVersion = 51;
	objects = {

/* Begin PBXBuildFile section */
		14030641226E58AD009A5763 /* WatchListInteractor.swift in Sources */ = {isa = PBXBuildFile; fileRef = 14030640226E58AD009A5763 /* WatchListInteractor.swift */; };
		14030643226E6A14009A5763 /* WatchListInteractorFactory.swift in Sources */ = {isa = PBXBuildFile; fileRef = 14030642226E6A14009A5763 /* WatchListInteractorFactory.swift */; };
		1428A9122257E76400209580 /* Interface.storyboard in Resources */ = {isa = PBXBuildFile; fileRef = 1428A9102257E76400209580 /* Interface.storyboard */; };
		1428A9142257E76400209580 /* Assets.xcassets in Resources */ = {isa = PBXBuildFile; fileRef = 1428A9132257E76400209580 /* Assets.xcassets */; };
		1428A91B2257E76500209580 /* WatchList Extension.appex in Embed App Extensions */ = {isa = PBXBuildFile; fileRef = 1428A91A2257E76500209580 /* WatchList Extension.appex */; settings = {ATTRIBUTES = (RemoveHeadersOnCopy, ); }; };
		1428A9222257E76500209580 /* ExtensionDelegate.swift in Sources */ = {isa = PBXBuildFile; fileRef = 1428A9212257E76500209580 /* ExtensionDelegate.swift */; };
		1428A9242257E76500209580 /* Assets.xcassets in Resources */ = {isa = PBXBuildFile; fileRef = 1428A9232257E76500209580 /* Assets.xcassets */; };
		1428A9282257E76500209580 /* WatchList.app in Embed Watch Content */ = {isa = PBXBuildFile; fileRef = 1428A90E2257E76400209580 /* WatchList.app */; };
		1428A9302257E86E00209580 /* ListInteractor.swift in Sources */ = {isa = PBXBuildFile; fileRef = 1484DCA121F66FC100A1A723 /* ListInteractor.swift */; };
		1428A9312257E87400209580 /* ListRepository.swift in Sources */ = {isa = PBXBuildFile; fileRef = 1484DCA321F66FD900A1A723 /* ListRepository.swift */; };
		1428A9322257E88600209580 /* Storage.swift in Sources */ = {isa = PBXBuildFile; fileRef = 1484DCA521F6751400A1A723 /* Storage.swift */; };
		1428A9332257E8DF00209580 /* ListItemDataModel.swift in Sources */ = {isa = PBXBuildFile; fileRef = 1484DCAB21F679B600A1A723 /* ListItemDataModel.swift */; };
		1428A9372257EA3D00209580 /* WatchListPresenter.swift in Sources */ = {isa = PBXBuildFile; fileRef = 1428A9362257EA3D00209580 /* WatchListPresenter.swift */; };
		1428A9382257EBFF00209580 /* ListItem.swift in Sources */ = {isa = PBXBuildFile; fileRef = 1484DCA721F677FF00A1A723 /* ListItem.swift */; };
		1428A93C2257F4E600209580 /* WatchListTableRowController.swift in Sources */ = {isa = PBXBuildFile; fileRef = 1428A93B2257F4E600209580 /* WatchListTableRowController.swift */; };
		1428A93E2257F63D00209580 /* WatchListItemViewModel.swift in Sources */ = {isa = PBXBuildFile; fileRef = 1428A93D2257F63D00209580 /* WatchListItemViewModel.swift */; };
		1428A9402258AA1D00209580 /* ListInteractorFactory.swift in Sources */ = {isa = PBXBuildFile; fileRef = 1428A93F2258AA1D00209580 /* ListInteractorFactory.swift */; };
		1428A947225A904500209580 /* WatchSessionManager.swift in Sources */ = {isa = PBXBuildFile; fileRef = 1428A946225A904500209580 /* WatchSessionManager.swift */; };
		1428A948225A973700209580 /* WatchSessionManager.swift in Sources */ = {isa = PBXBuildFile; fileRef = 1428A946225A904500209580 /* WatchSessionManager.swift */; };
		1428A94A225A97DE00209580 /* WatchSessionMessage.swift in Sources */ = {isa = PBXBuildFile; fileRef = 1428A949225A97DE00209580 /* WatchSessionMessage.swift */; };
		1428A94B225A9A4600209580 /* WatchSessionMessage.swift in Sources */ = {isa = PBXBuildFile; fileRef = 1428A949225A97DE00209580 /* WatchSessionMessage.swift */; };
		1428A94D225A9B0800209580 /* WatchSessionReply.swift in Sources */ = {isa = PBXBuildFile; fileRef = 1428A94C225A9B0800209580 /* WatchSessionReply.swift */; };
		1428A94E225A9B0800209580 /* WatchSessionReply.swift in Sources */ = {isa = PBXBuildFile; fileRef = 1428A94C225A9B0800209580 /* WatchSessionReply.swift */; };
		146D68D822F07FF5006F7842 /* ListFooterInputView.xib in Resources */ = {isa = PBXBuildFile; fileRef = 1484DCAF21F7E3BD00A1A723 /* ListFooterInputView.xib */; };
		146E139C22C3A6A80063F3A4 /* WatchListController.swift in Sources */ = {isa = PBXBuildFile; fileRef = 1428A9342257E9AA00209580 /* WatchListController.swift */; };
		1484DC7D21F66EFB00A1A723 /* AppDelegate.swift in Sources */ = {isa = PBXBuildFile; fileRef = 1484DC7C21F66EFB00A1A723 /* AppDelegate.swift */; };
		1484DC7F21F66EFB00A1A723 /* ListViewController.swift in Sources */ = {isa = PBXBuildFile; fileRef = 1484DC7E21F66EFB00A1A723 /* ListViewController.swift */; };
		1484DC8221F66EFB00A1A723 /* Main.storyboard in Resources */ = {isa = PBXBuildFile; fileRef = 1484DC8021F66EFB00A1A723 /* Main.storyboard */; };
		1484DC8721F66EFD00A1A723 /* Assets.xcassets in Resources */ = {isa = PBXBuildFile; fileRef = 1484DC8621F66EFD00A1A723 /* Assets.xcassets */; };
		1484DC8A21F66EFD00A1A723 /* LaunchScreen.storyboard in Resources */ = {isa = PBXBuildFile; fileRef = 1484DC8821F66EFD00A1A723 /* LaunchScreen.storyboard */; };
		1484DC9521F66EFD00A1A723 /* ListTests.swift in Sources */ = {isa = PBXBuildFile; fileRef = 1484DC9421F66EFD00A1A723 /* ListTests.swift */; };
		1484DCA021F66FB200A1A723 /* ListPresenter.swift in Sources */ = {isa = PBXBuildFile; fileRef = 1484DC9F21F66FB200A1A723 /* ListPresenter.swift */; };
		1484DCA221F66FC100A1A723 /* ListInteractor.swift in Sources */ = {isa = PBXBuildFile; fileRef = 1484DCA121F66FC100A1A723 /* ListInteractor.swift */; };
		1484DCA421F66FD900A1A723 /* ListRepository.swift in Sources */ = {isa = PBXBuildFile; fileRef = 1484DCA321F66FD900A1A723 /* ListRepository.swift */; };
		1484DCA621F6751400A1A723 /* Storage.swift in Sources */ = {isa = PBXBuildFile; fileRef = 1484DCA521F6751400A1A723 /* Storage.swift */; };
		1484DCA821F677FF00A1A723 /* ListItem.swift in Sources */ = {isa = PBXBuildFile; fileRef = 1484DCA721F677FF00A1A723 /* ListItem.swift */; };
		1484DCAA21F678ED00A1A723 /* ListItemViewModel.swift in Sources */ = {isa = PBXBuildFile; fileRef = 1484DCA921F678ED00A1A723 /* ListItemViewModel.swift */; };
		1484DCAC21F679B600A1A723 /* ListItemDataModel.swift in Sources */ = {isa = PBXBuildFile; fileRef = 1484DCAB21F679B600A1A723 /* ListItemDataModel.swift */; };
		1484DCAE21F7E3A900A1A723 /* ListFooterInputView.swift in Sources */ = {isa = PBXBuildFile; fileRef = 1484DCAD21F7E3A900A1A723 /* ListFooterInputView.swift */; };
		20E12E5C9900BC9A2AA48851 /* Pods_List.framework in Frameworks */ = {isa = PBXBuildFile; fileRef = 2E9305ABF756EA724DF6AEA5 /* Pods_List.framework */; };
		E6276B53FF8197C2DFB9ABEF /* Pods_ListTests.framework in Frameworks */ = {isa = PBXBuildFile; fileRef = 885B1A3B59583D890FA4D29F /* Pods_ListTests.framework */; };
/* End PBXBuildFile section */

/* Begin PBXContainerItemProxy section */
		1428A91C2257E76500209580 /* PBXContainerItemProxy */ = {
			isa = PBXContainerItemProxy;
			containerPortal = 1484DC7121F66EFB00A1A723 /* Project object */;
			proxyType = 1;
			remoteGlobalIDString = 1428A9192257E76500209580;
			remoteInfo = "WatchList Extension";
		};
		1428A9262257E76500209580 /* PBXContainerItemProxy */ = {
			isa = PBXContainerItemProxy;
			containerPortal = 1484DC7121F66EFB00A1A723 /* Project object */;
			proxyType = 1;
			remoteGlobalIDString = 1428A90D2257E76400209580;
			remoteInfo = WatchList;
		};
		1484DC9121F66EFD00A1A723 /* PBXContainerItemProxy */ = {
			isa = PBXContainerItemProxy;
			containerPortal = 1484DC7121F66EFB00A1A723 /* Project object */;
			proxyType = 1;
			remoteGlobalIDString = 1484DC7821F66EFB00A1A723;
			remoteInfo = List;
		};
/* End PBXContainerItemProxy section */

/* Begin PBXCopyFilesBuildPhase section */
		1428A8E32257DFA500209580 /* Embed Watch Content */ = {
			isa = PBXCopyFilesBuildPhase;
			buildActionMask = 2147483647;
			dstPath = "$(CONTENTS_FOLDER_PATH)/Watch";
			dstSubfolderSpec = 16;
			files = (
				1428A9282257E76500209580 /* WatchList.app in Embed Watch Content */,
			);
			name = "Embed Watch Content";
			runOnlyForDeploymentPostprocessing = 0;
		};
		1428A92C2257E76500209580 /* Embed App Extensions */ = {
			isa = PBXCopyFilesBuildPhase;
			buildActionMask = 2147483647;
			dstPath = "";
			dstSubfolderSpec = 13;
			files = (
				1428A91B2257E76500209580 /* WatchList Extension.appex in Embed App Extensions */,
			);
			name = "Embed App Extensions";
			runOnlyForDeploymentPostprocessing = 0;
		};
/* End PBXCopyFilesBuildPhase section */

/* Begin PBXFileReference section */
		0C488DD6B81F270CD724429C /* Pods-ListTests.release.xcconfig */ = {isa = PBXFileReference; includeInIndex = 1; lastKnownFileType = text.xcconfig; name = "Pods-ListTests.release.xcconfig"; path = "Pods/Target Support Files/Pods-ListTests/Pods-ListTests.release.xcconfig"; sourceTree = "<group>"; };
		14030640226E58AD009A5763 /* WatchListInteractor.swift */ = {isa = PBXFileReference; lastKnownFileType = sourcecode.swift; path = WatchListInteractor.swift; sourceTree = "<group>"; };
		14030642226E6A14009A5763 /* WatchListInteractorFactory.swift */ = {isa = PBXFileReference; lastKnownFileType = sourcecode.swift; path = WatchListInteractorFactory.swift; sourceTree = "<group>"; };
		1428A90E2257E76400209580 /* WatchList.app */ = {isa = PBXFileReference; explicitFileType = wrapper.application; includeInIndex = 0; path = WatchList.app; sourceTree = BUILT_PRODUCTS_DIR; };
		1428A9112257E76400209580 /* Base */ = {isa = PBXFileReference; lastKnownFileType = file.storyboard; name = Base; path = Base.lproj/Interface.storyboard; sourceTree = "<group>"; };
		1428A9132257E76400209580 /* Assets.xcassets */ = {isa = PBXFileReference; lastKnownFileType = folder.assetcatalog; path = Assets.xcassets; sourceTree = "<group>"; };
		1428A9152257E76400209580 /* Info.plist */ = {isa = PBXFileReference; lastKnownFileType = text.plist.xml; path = Info.plist; sourceTree = "<group>"; };
		1428A91A2257E76500209580 /* WatchList Extension.appex */ = {isa = PBXFileReference; explicitFileType = "wrapper.app-extension"; includeInIndex = 0; path = "WatchList Extension.appex"; sourceTree = BUILT_PRODUCTS_DIR; };
		1428A9212257E76500209580 /* ExtensionDelegate.swift */ = {isa = PBXFileReference; lastKnownFileType = sourcecode.swift; path = ExtensionDelegate.swift; sourceTree = "<group>"; };
		1428A9232257E76500209580 /* Assets.xcassets */ = {isa = PBXFileReference; lastKnownFileType = folder.assetcatalog; path = Assets.xcassets; sourceTree = "<group>"; };
		1428A9252257E76500209580 /* Info.plist */ = {isa = PBXFileReference; lastKnownFileType = text.plist.xml; path = Info.plist; sourceTree = "<group>"; };
		1428A9342257E9AA00209580 /* WatchListController.swift */ = {isa = PBXFileReference; lastKnownFileType = sourcecode.swift; path = WatchListController.swift; sourceTree = "<group>"; };
		1428A9362257EA3D00209580 /* WatchListPresenter.swift */ = {isa = PBXFileReference; lastKnownFileType = sourcecode.swift; path = WatchListPresenter.swift; sourceTree = "<group>"; };
		1428A93B2257F4E600209580 /* WatchListTableRowController.swift */ = {isa = PBXFileReference; lastKnownFileType = sourcecode.swift; path = WatchListTableRowController.swift; sourceTree = "<group>"; };
		1428A93D2257F63D00209580 /* WatchListItemViewModel.swift */ = {isa = PBXFileReference; lastKnownFileType = sourcecode.swift; path = WatchListItemViewModel.swift; sourceTree = "<group>"; };
		1428A93F2258AA1D00209580 /* ListInteractorFactory.swift */ = {isa = PBXFileReference; lastKnownFileType = sourcecode.swift; path = ListInteractorFactory.swift; sourceTree = "<group>"; };
		1428A9422258DF7A00209580 /* List.entitlements */ = {isa = PBXFileReference; lastKnownFileType = text.plist.entitlements; path = List.entitlements; sourceTree = "<group>"; };
		1428A9432258DF8200209580 /* WatchList.entitlements */ = {isa = PBXFileReference; lastKnownFileType = text.plist.entitlements; path = WatchList.entitlements; sourceTree = "<group>"; };
		1428A9442258DFA900209580 /* WatchList Extension.entitlements */ = {isa = PBXFileReference; lastKnownFileType = text.plist.entitlements; path = "WatchList Extension.entitlements"; sourceTree = "<group>"; };
		1428A946225A904500209580 /* WatchSessionManager.swift */ = {isa = PBXFileReference; lastKnownFileType = sourcecode.swift; path = WatchSessionManager.swift; sourceTree = "<group>"; };
		1428A949225A97DE00209580 /* WatchSessionMessage.swift */ = {isa = PBXFileReference; lastKnownFileType = sourcecode.swift; path = WatchSessionMessage.swift; sourceTree = "<group>"; };
		1428A94C225A9B0800209580 /* WatchSessionReply.swift */ = {isa = PBXFileReference; lastKnownFileType = sourcecode.swift; path = WatchSessionReply.swift; sourceTree = "<group>"; };
		1484DC7921F66EFB00A1A723 /* List.app */ = {isa = PBXFileReference; explicitFileType = wrapper.application; includeInIndex = 0; path = List.app; sourceTree = BUILT_PRODUCTS_DIR; };
		1484DC7C21F66EFB00A1A723 /* AppDelegate.swift */ = {isa = PBXFileReference; lastKnownFileType = sourcecode.swift; path = AppDelegate.swift; sourceTree = "<group>"; };
		1484DC7E21F66EFB00A1A723 /* ListViewController.swift */ = {isa = PBXFileReference; lastKnownFileType = sourcecode.swift; path = ListViewController.swift; sourceTree = "<group>"; };
		1484DC8121F66EFB00A1A723 /* Base */ = {isa = PBXFileReference; lastKnownFileType = file.storyboard; name = Base; path = Base.lproj/Main.storyboard; sourceTree = "<group>"; };
		1484DC8621F66EFD00A1A723 /* Assets.xcassets */ = {isa = PBXFileReference; lastKnownFileType = folder.assetcatalog; path = Assets.xcassets; sourceTree = "<group>"; };
		1484DC8921F66EFD00A1A723 /* Base */ = {isa = PBXFileReference; lastKnownFileType = file.storyboard; name = Base; path = Base.lproj/LaunchScreen.storyboard; sourceTree = "<group>"; };
		1484DC8B21F66EFD00A1A723 /* Info.plist */ = {isa = PBXFileReference; lastKnownFileType = text.plist.xml; path = Info.plist; sourceTree = "<group>"; };
		1484DC9021F66EFD00A1A723 /* ListTests.xctest */ = {isa = PBXFileReference; explicitFileType = wrapper.cfbundle; includeInIndex = 0; path = ListTests.xctest; sourceTree = BUILT_PRODUCTS_DIR; };
		1484DC9421F66EFD00A1A723 /* ListTests.swift */ = {isa = PBXFileReference; lastKnownFileType = sourcecode.swift; path = ListTests.swift; sourceTree = "<group>"; };
		1484DC9621F66EFD00A1A723 /* Info.plist */ = {isa = PBXFileReference; lastKnownFileType = text.plist.xml; path = Info.plist; sourceTree = "<group>"; };
		1484DC9F21F66FB200A1A723 /* ListPresenter.swift */ = {isa = PBXFileReference; lastKnownFileType = sourcecode.swift; path = ListPresenter.swift; sourceTree = "<group>"; };
		1484DCA121F66FC100A1A723 /* ListInteractor.swift */ = {isa = PBXFileReference; lastKnownFileType = sourcecode.swift; path = ListInteractor.swift; sourceTree = "<group>"; };
		1484DCA321F66FD900A1A723 /* ListRepository.swift */ = {isa = PBXFileReference; lastKnownFileType = sourcecode.swift; path = ListRepository.swift; sourceTree = "<group>"; };
		1484DCA521F6751400A1A723 /* Storage.swift */ = {isa = PBXFileReference; lastKnownFileType = sourcecode.swift; path = Storage.swift; sourceTree = "<group>"; };
		1484DCA721F677FF00A1A723 /* ListItem.swift */ = {isa = PBXFileReference; lastKnownFileType = sourcecode.swift; path = ListItem.swift; sourceTree = "<group>"; };
		1484DCA921F678ED00A1A723 /* ListItemViewModel.swift */ = {isa = PBXFileReference; lastKnownFileType = sourcecode.swift; path = ListItemViewModel.swift; sourceTree = "<group>"; };
		1484DCAB21F679B600A1A723 /* ListItemDataModel.swift */ = {isa = PBXFileReference; lastKnownFileType = sourcecode.swift; path = ListItemDataModel.swift; sourceTree = "<group>"; };
		1484DCAD21F7E3A900A1A723 /* ListFooterInputView.swift */ = {isa = PBXFileReference; lastKnownFileType = sourcecode.swift; path = ListFooterInputView.swift; sourceTree = "<group>"; };
		1484DCAF21F7E3BD00A1A723 /* ListFooterInputView.xib */ = {isa = PBXFileReference; lastKnownFileType = file.xib; path = ListFooterInputView.xib; sourceTree = "<group>"; };
		2E9305ABF756EA724DF6AEA5 /* Pods_List.framework */ = {isa = PBXFileReference; explicitFileType = wrapper.framework; includeInIndex = 0; path = Pods_List.framework; sourceTree = BUILT_PRODUCTS_DIR; };
		81FD9C3EFD45ED92B489EDBE /* Pods-ListTests.debug.xcconfig */ = {isa = PBXFileReference; includeInIndex = 1; lastKnownFileType = text.xcconfig; name = "Pods-ListTests.debug.xcconfig"; path = "Pods/Target Support Files/Pods-ListTests/Pods-ListTests.debug.xcconfig"; sourceTree = "<group>"; };
		885B1A3B59583D890FA4D29F /* Pods_ListTests.framework */ = {isa = PBXFileReference; explicitFileType = wrapper.framework; includeInIndex = 0; path = Pods_ListTests.framework; sourceTree = BUILT_PRODUCTS_DIR; };
		A45694DDB7588934235CEFD8 /* Pods-List.release.xcconfig */ = {isa = PBXFileReference; includeInIndex = 1; lastKnownFileType = text.xcconfig; name = "Pods-List.release.xcconfig"; path = "Pods/Target Support Files/Pods-List/Pods-List.release.xcconfig"; sourceTree = "<group>"; };
		A768A6A1637EF60ED2487F2F /* Pods-List.debug.xcconfig */ = {isa = PBXFileReference; includeInIndex = 1; lastKnownFileType = text.xcconfig; name = "Pods-List.debug.xcconfig"; path = "Pods/Target Support Files/Pods-List/Pods-List.debug.xcconfig"; sourceTree = "<group>"; };
/* End PBXFileReference section */

/* Begin PBXFrameworksBuildPhase section */
		1428A9172257E76500209580 /* Frameworks */ = {
			isa = PBXFrameworksBuildPhase;
			buildActionMask = 2147483647;
			files = (
			);
			runOnlyForDeploymentPostprocessing = 0;
		};
		1484DC7621F66EFB00A1A723 /* Frameworks */ = {
			isa = PBXFrameworksBuildPhase;
			buildActionMask = 2147483647;
			files = (
				20E12E5C9900BC9A2AA48851 /* Pods_List.framework in Frameworks */,
			);
			runOnlyForDeploymentPostprocessing = 0;
		};
		1484DC8D21F66EFD00A1A723 /* Frameworks */ = {
			isa = PBXFrameworksBuildPhase;
			buildActionMask = 2147483647;
			files = (
				E6276B53FF8197C2DFB9ABEF /* Pods_ListTests.framework in Frameworks */,
			);
			runOnlyForDeploymentPostprocessing = 0;
		};
		D117202EFFDBF78A1B2C6FD6 /* Frameworks */ = {
			isa = PBXFrameworksBuildPhase;
			buildActionMask = 2147483647;
			files = (
			);
			runOnlyForDeploymentPostprocessing = 0;
		};
/* End PBXFrameworksBuildPhase section */

/* Begin PBXGroup section */
		08AED7277120E349F8EE8002 /* Pods */ = {
			isa = PBXGroup;
			children = (
				A768A6A1637EF60ED2487F2F /* Pods-List.debug.xcconfig */,
				A45694DDB7588934235CEFD8 /* Pods-List.release.xcconfig */,
				81FD9C3EFD45ED92B489EDBE /* Pods-ListTests.debug.xcconfig */,
				0C488DD6B81F270CD724429C /* Pods-ListTests.release.xcconfig */,
			);
			name = Pods;
			sourceTree = "<group>";
		};
		0B66A653190CA821F2A62C78 /* Frameworks */ = {
			isa = PBXGroup;
			children = (
				2E9305ABF756EA724DF6AEA5 /* Pods_List.framework */,
				885B1A3B59583D890FA4D29F /* Pods_ListTests.framework */,
			);
			name = Frameworks;
			sourceTree = "<group>";
		};
		1403063C226312D2009A5763 /* View */ = {
			isa = PBXGroup;
			children = (
				1484DC8021F66EFB00A1A723 /* Main.storyboard */,
				1484DC7E21F66EFB00A1A723 /* ListViewController.swift */,
				1484DCA921F678ED00A1A723 /* ListItemViewModel.swift */,
				1484DCAD21F7E3A900A1A723 /* ListFooterInputView.swift */,
				1484DCAF21F7E3BD00A1A723 /* ListFooterInputView.xib */,
			);
			path = View;
			sourceTree = "<group>";
		};
		1403063D22631311009A5763 /* Presenter */ = {
			isa = PBXGroup;
			children = (
				1484DC9F21F66FB200A1A723 /* ListPresenter.swift */,
			);
			path = Presenter;
			sourceTree = "<group>";
		};
		1403063E2263131D009A5763 /* Interactor */ = {
			isa = PBXGroup;
			children = (
				1484DCA121F66FC100A1A723 /* ListInteractor.swift */,
				1484DCA721F677FF00A1A723 /* ListItem.swift */,
			);
			path = Interactor;
			sourceTree = "<group>";
		};
		1403063F22631336009A5763 /* Repository */ = {
			isa = PBXGroup;
			children = (
				1484DCA321F66FD900A1A723 /* ListRepository.swift */,
				1484DCAB21F679B600A1A723 /* ListItemDataModel.swift */,
			);
			path = Repository;
			sourceTree = "<group>";
		};
		1428A90F2257E76400209580 /* WatchList */ = {
			isa = PBXGroup;
			children = (
				1428A9432258DF8200209580 /* WatchList.entitlements */,
				1428A9102257E76400209580 /* Interface.storyboard */,
				1428A9132257E76400209580 /* Assets.xcassets */,
				1428A9152257E76400209580 /* Info.plist */,
			);
			path = WatchList;
			sourceTree = "<group>";
		};
		1428A91E2257E76500209580 /* WatchList Extension */ = {
			isa = PBXGroup;
			children = (
				1428A9442258DFA900209580 /* WatchList Extension.entitlements */,
				1428A9212257E76500209580 /* ExtensionDelegate.swift */,
				1428A9232257E76500209580 /* Assets.xcassets */,
				1428A9252257E76500209580 /* Info.plist */,
				1428A9342257E9AA00209580 /* WatchListController.swift */,
				1428A9362257EA3D00209580 /* WatchListPresenter.swift */,
				1428A93B2257F4E600209580 /* WatchListTableRowController.swift */,
				1428A93D2257F63D00209580 /* WatchListItemViewModel.swift */,
				14030640226E58AD009A5763 /* WatchListInteractor.swift */,
				14030642226E6A14009A5763 /* WatchListInteractorFactory.swift */,
			);
			path = "WatchList Extension";
			sourceTree = "<group>";
		};
		1428A945225A902B00209580 /* Services */ = {
			isa = PBXGroup;
			children = (
				1484DCA521F6751400A1A723 /* Storage.swift */,
				1428A946225A904500209580 /* WatchSessionManager.swift */,
				1428A949225A97DE00209580 /* WatchSessionMessage.swift */,
				1428A94C225A9B0800209580 /* WatchSessionReply.swift */,
			);
			path = Services;
			sourceTree = "<group>";
		};
		1460D73D2247FC3500B2F542 /* ListScreen */ = {
			isa = PBXGroup;
			children = (
				1403063F22631336009A5763 /* Repository */,
				1403063E2263131D009A5763 /* Interactor */,
				1403063D22631311009A5763 /* Presenter */,
				1403063C226312D2009A5763 /* View */,
				1428A93F2258AA1D00209580 /* ListInteractorFactory.swift */,
			);
			path = ListScreen;
			sourceTree = "<group>";
		};
		1484DC7021F66EFB00A1A723 = {
			isa = PBXGroup;
			children = (
				1484DC7B21F66EFB00A1A723 /* List */,
				1484DC9321F66EFD00A1A723 /* ListTests */,
				1428A90F2257E76400209580 /* WatchList */,
				1428A91E2257E76500209580 /* WatchList Extension */,
				1484DC7A21F66EFB00A1A723 /* Products */,
				08AED7277120E349F8EE8002 /* Pods */,
				0B66A653190CA821F2A62C78 /* Frameworks */,
			);
			sourceTree = "<group>";
		};
		1484DC7A21F66EFB00A1A723 /* Products */ = {
			isa = PBXGroup;
			children = (
				1484DC7921F66EFB00A1A723 /* List.app */,
				1484DC9021F66EFD00A1A723 /* ListTests.xctest */,
				1428A90E2257E76400209580 /* WatchList.app */,
				1428A91A2257E76500209580 /* WatchList Extension.appex */,
			);
			name = Products;
			sourceTree = "<group>";
		};
		1484DC7B21F66EFB00A1A723 /* List */ = {
			isa = PBXGroup;
			children = (
				1428A945225A902B00209580 /* Services */,
				1428A9422258DF7A00209580 /* List.entitlements */,
				1460D73D2247FC3500B2F542 /* ListScreen */,
				1484DC7C21F66EFB00A1A723 /* AppDelegate.swift */,
				1484DC8621F66EFD00A1A723 /* Assets.xcassets */,
				1484DC8821F66EFD00A1A723 /* LaunchScreen.storyboard */,
				1484DC8B21F66EFD00A1A723 /* Info.plist */,
			);
			path = List;
			sourceTree = "<group>";
		};
		1484DC9321F66EFD00A1A723 /* ListTests */ = {
			isa = PBXGroup;
			children = (
				1484DC9421F66EFD00A1A723 /* ListTests.swift */,
				1484DC9621F66EFD00A1A723 /* Info.plist */,
			);
			path = ListTests;
			sourceTree = "<group>";
		};
/* End PBXGroup section */

/* Begin PBXNativeTarget section */
		1428A90D2257E76400209580 /* WatchList */ = {
			isa = PBXNativeTarget;
			buildConfigurationList = 1428A92D2257E76500209580 /* Build configuration list for PBXNativeTarget "WatchList" */;
			buildPhases = (
				1428A90C2257E76400209580 /* Resources */,
				1428A92C2257E76500209580 /* Embed App Extensions */,
				D117202EFFDBF78A1B2C6FD6 /* Frameworks */,
			);
			buildRules = (
			);
			dependencies = (
				1428A91D2257E76500209580 /* PBXTargetDependency */,
			);
			name = WatchList;
			productName = WatchList;
			productReference = 1428A90E2257E76400209580 /* WatchList.app */;
			productType = "com.apple.product-type.application.watchapp2";
		};
		1428A9192257E76500209580 /* WatchList Extension */ = {
			isa = PBXNativeTarget;
			buildConfigurationList = 1428A9292257E76500209580 /* Build configuration list for PBXNativeTarget "WatchList Extension" */;
			buildPhases = (
				1428A9162257E76500209580 /* Sources */,
				1428A9172257E76500209580 /* Frameworks */,
				1428A9182257E76500209580 /* Resources */,
			);
			buildRules = (
			);
			dependencies = (
			);
			name = "WatchList Extension";
			productName = "WatchList Extension";
			productReference = 1428A91A2257E76500209580 /* WatchList Extension.appex */;
			productType = "com.apple.product-type.watchkit2-extension";
		};
		1484DC7821F66EFB00A1A723 /* List */ = {
			isa = PBXNativeTarget;
			buildConfigurationList = 1484DC9921F66EFD00A1A723 /* Build configuration list for PBXNativeTarget "List" */;
			buildPhases = (
				79BA238CA03547C9C8DE7D03 /* [CP] Check Pods Manifest.lock */,
				1484DC7521F66EFB00A1A723 /* Sources */,
				1484DC7621F66EFB00A1A723 /* Frameworks */,
				1484DC7721F66EFB00A1A723 /* Resources */,
				70F9E634028D37550C5F2C32 /* [CP] Embed Pods Frameworks */,
				1428A8E32257DFA500209580 /* Embed Watch Content */,
			);
			buildRules = (
			);
			dependencies = (
				1428A9272257E76500209580 /* PBXTargetDependency */,
			);
			name = List;
			productName = List;
			productReference = 1484DC7921F66EFB00A1A723 /* List.app */;
			productType = "com.apple.product-type.application";
		};
		1484DC8F21F66EFD00A1A723 /* ListTests */ = {
			isa = PBXNativeTarget;
			buildConfigurationList = 1484DC9C21F66EFD00A1A723 /* Build configuration list for PBXNativeTarget "ListTests" */;
			buildPhases = (
				45EDC6268DF11DD81363FE80 /* [CP] Check Pods Manifest.lock */,
				1484DC8C21F66EFD00A1A723 /* Sources */,
				1484DC8D21F66EFD00A1A723 /* Frameworks */,
				1484DC8E21F66EFD00A1A723 /* Resources */,
			);
			buildRules = (
			);
			dependencies = (
				1484DC9221F66EFD00A1A723 /* PBXTargetDependency */,
			);
			name = ListTests;
			productName = ListTests;
			productReference = 1484DC9021F66EFD00A1A723 /* ListTests.xctest */;
			productType = "com.apple.product-type.bundle.unit-test";
		};
/* End PBXNativeTarget section */

/* Begin PBXProject section */
		1484DC7121F66EFB00A1A723 /* Project object */ = {
			isa = PBXProject;
			attributes = {
				LastSwiftUpdateCheck = 1010;
				LastUpgradeCheck = 1010;
				ORGANIZATIONNAME = "Rémi Caroff";
				TargetAttributes = {
					1428A90D2257E76400209580 = {
						CreatedOnToolsVersion = 10.1;
						SystemCapabilities = {
							com.apple.ApplicationGroups.iOS = {
								enabled = 1;
							};
						};
					};
					1428A9192257E76500209580 = {
						CreatedOnToolsVersion = 10.1;
						SystemCapabilities = {
							com.apple.ApplicationGroups.iOS = {
								enabled = 1;
							};
						};
					};
					1484DC7821F66EFB00A1A723 = {
						CreatedOnToolsVersion = 10.1;
						SystemCapabilities = {
							com.apple.ApplicationGroups.iOS = {
								enabled = 1;
							};
						};
					};
					1484DC8F21F66EFD00A1A723 = {
						CreatedOnToolsVersion = 10.1;
						TestTargetID = 1484DC7821F66EFB00A1A723;
					};
				};
			};
			buildConfigurationList = 1484DC7421F66EFB00A1A723 /* Build configuration list for PBXProject "List" */;
			compatibilityVersion = "Xcode 9.3";
			developmentRegion = en;
			hasScannedForEncodings = 0;
			knownRegions = (
				en,
				Base,
			);
			mainGroup = 1484DC7021F66EFB00A1A723;
			productRefGroup = 1484DC7A21F66EFB00A1A723 /* Products */;
			projectDirPath = "";
			projectRoot = "";
			targets = (
				1484DC7821F66EFB00A1A723 /* List */,
				1484DC8F21F66EFD00A1A723 /* ListTests */,
				1428A90D2257E76400209580 /* WatchList */,
				1428A9192257E76500209580 /* WatchList Extension */,
			);
		};
/* End PBXProject section */

/* Begin PBXResourcesBuildPhase section */
		1428A90C2257E76400209580 /* Resources */ = {
			isa = PBXResourcesBuildPhase;
			buildActionMask = 2147483647;
			files = (
				1428A9142257E76400209580 /* Assets.xcassets in Resources */,
				1428A9122257E76400209580 /* Interface.storyboard in Resources */,
			);
			runOnlyForDeploymentPostprocessing = 0;
		};
		1428A9182257E76500209580 /* Resources */ = {
			isa = PBXResourcesBuildPhase;
			buildActionMask = 2147483647;
			files = (
				1428A9242257E76500209580 /* Assets.xcassets in Resources */,
			);
			runOnlyForDeploymentPostprocessing = 0;
		};
		1484DC7721F66EFB00A1A723 /* Resources */ = {
			isa = PBXResourcesBuildPhase;
			buildActionMask = 2147483647;
			files = (
				146D68D822F07FF5006F7842 /* ListFooterInputView.xib in Resources */,
				1484DC8A21F66EFD00A1A723 /* LaunchScreen.storyboard in Resources */,
				1484DC8721F66EFD00A1A723 /* Assets.xcassets in Resources */,
				1484DC8221F66EFB00A1A723 /* Main.storyboard in Resources */,
			);
			runOnlyForDeploymentPostprocessing = 0;
		};
		1484DC8E21F66EFD00A1A723 /* Resources */ = {
			isa = PBXResourcesBuildPhase;
			buildActionMask = 2147483647;
			files = (
			);
			runOnlyForDeploymentPostprocessing = 0;
		};
/* End PBXResourcesBuildPhase section */

/* Begin PBXShellScriptBuildPhase section */
		45EDC6268DF11DD81363FE80 /* [CP] Check Pods Manifest.lock */ = {
			isa = PBXShellScriptBuildPhase;
			buildActionMask = 2147483647;
			files = (
			);
			inputFileListPaths = (
			);
			inputPaths = (
				"${PODS_PODFILE_DIR_PATH}/Podfile.lock",
				"${PODS_ROOT}/Manifest.lock",
			);
			name = "[CP] Check Pods Manifest.lock";
			outputFileListPaths = (
			);
			outputPaths = (
				"$(DERIVED_FILE_DIR)/Pods-ListTests-checkManifestLockResult.txt",
			);
			runOnlyForDeploymentPostprocessing = 0;
			shellPath = /bin/sh;
			shellScript = "diff \"${PODS_PODFILE_DIR_PATH}/Podfile.lock\" \"${PODS_ROOT}/Manifest.lock\" > /dev/null\nif [ $? != 0 ] ; then\n    # print error to STDERR\n    echo \"error: The sandbox is not in sync with the Podfile.lock. Run 'pod install' or update your CocoaPods installation.\" >&2\n    exit 1\nfi\n# This output is used by Xcode 'outputs' to avoid re-running this script phase.\necho \"SUCCESS\" > \"${SCRIPT_OUTPUT_FILE_0}\"\n";
			showEnvVarsInLog = 0;
		};
		70F9E634028D37550C5F2C32 /* [CP] Embed Pods Frameworks */ = {
			isa = PBXShellScriptBuildPhase;
			buildActionMask = 2147483647;
			files = (
			);
			inputFileListPaths = (
				"${PODS_ROOT}/Target Support Files/Pods-List/Pods-List-frameworks-${CONFIGURATION}-input-files.xcfilelist",
			);
			name = "[CP] Embed Pods Frameworks";
			outputFileListPaths = (
				"${PODS_ROOT}/Target Support Files/Pods-List/Pods-List-frameworks-${CONFIGURATION}-output-files.xcfilelist",
			);
			runOnlyForDeploymentPostprocessing = 0;
			shellPath = /bin/sh;
			shellScript = "\"${PODS_ROOT}/Target Support Files/Pods-List/Pods-List-frameworks.sh\"\n";
			showEnvVarsInLog = 0;
		};
		79BA238CA03547C9C8DE7D03 /* [CP] Check Pods Manifest.lock */ = {
			isa = PBXShellScriptBuildPhase;
			buildActionMask = 2147483647;
			files = (
			);
			inputFileListPaths = (
			);
			inputPaths = (
				"${PODS_PODFILE_DIR_PATH}/Podfile.lock",
				"${PODS_ROOT}/Manifest.lock",
			);
			name = "[CP] Check Pods Manifest.lock";
			outputFileListPaths = (
			);
			outputPaths = (
				"$(DERIVED_FILE_DIR)/Pods-List-checkManifestLockResult.txt",
			);
			runOnlyForDeploymentPostprocessing = 0;
			shellPath = /bin/sh;
			shellScript = "diff \"${PODS_PODFILE_DIR_PATH}/Podfile.lock\" \"${PODS_ROOT}/Manifest.lock\" > /dev/null\nif [ $? != 0 ] ; then\n    # print error to STDERR\n    echo \"error: The sandbox is not in sync with the Podfile.lock. Run 'pod install' or update your CocoaPods installation.\" >&2\n    exit 1\nfi\n# This output is used by Xcode 'outputs' to avoid re-running this script phase.\necho \"SUCCESS\" > \"${SCRIPT_OUTPUT_FILE_0}\"\n";
			showEnvVarsInLog = 0;
		};
/* End PBXShellScriptBuildPhase section */

/* Begin PBXSourcesBuildPhase section */
		1428A9162257E76500209580 /* Sources */ = {
			isa = PBXSourcesBuildPhase;
			buildActionMask = 2147483647;
			files = (
				146E139C22C3A6A80063F3A4 /* WatchListController.swift in Sources */,
				1428A9332257E8DF00209580 /* ListItemDataModel.swift in Sources */,
				1428A94E225A9B0800209580 /* WatchSessionReply.swift in Sources */,
				1428A93C2257F4E600209580 /* WatchListTableRowController.swift in Sources */,
				1428A9302257E86E00209580 /* ListInteractor.swift in Sources */,
				1428A9322257E88600209580 /* Storage.swift in Sources */,
				1428A93E2257F63D00209580 /* WatchListItemViewModel.swift in Sources */,
				1428A948225A973700209580 /* WatchSessionManager.swift in Sources */,
				1428A9382257EBFF00209580 /* ListItem.swift in Sources */,
				1428A94B225A9A4600209580 /* WatchSessionMessage.swift in Sources */,
				1428A9312257E87400209580 /* ListRepository.swift in Sources */,
				14030641226E58AD009A5763 /* WatchListInteractor.swift in Sources */,
				1428A9372257EA3D00209580 /* WatchListPresenter.swift in Sources */,
				1428A9222257E76500209580 /* ExtensionDelegate.swift in Sources */,
				14030643226E6A14009A5763 /* WatchListInteractorFactory.swift in Sources */,
			);
			runOnlyForDeploymentPostprocessing = 0;
		};
		1484DC7521F66EFB00A1A723 /* Sources */ = {
			isa = PBXSourcesBuildPhase;
			buildActionMask = 2147483647;
			files = (
				1484DCAC21F679B600A1A723 /* ListItemDataModel.swift in Sources */,
				1428A94D225A9B0800209580 /* WatchSessionReply.swift in Sources */,
				1484DC7F21F66EFB00A1A723 /* ListViewController.swift in Sources */,
				1484DCAE21F7E3A900A1A723 /* ListFooterInputView.swift in Sources */,
				1484DCAA21F678ED00A1A723 /* ListItemViewModel.swift in Sources */,
				1484DCA821F677FF00A1A723 /* ListItem.swift in Sources */,
				1484DCA021F66FB200A1A723 /* ListPresenter.swift in Sources */,
				1428A947225A904500209580 /* WatchSessionManager.swift in Sources */,
				1484DCA421F66FD900A1A723 /* ListRepository.swift in Sources */,
				1428A94A225A97DE00209580 /* WatchSessionMessage.swift in Sources */,
				1428A9402258AA1D00209580 /* ListInteractorFactory.swift in Sources */,
				1484DCA221F66FC100A1A723 /* ListInteractor.swift in Sources */,
				1484DC7D21F66EFB00A1A723 /* AppDelegate.swift in Sources */,
				1484DCA621F6751400A1A723 /* Storage.swift in Sources */,
			);
			runOnlyForDeploymentPostprocessing = 0;
		};
		1484DC8C21F66EFD00A1A723 /* Sources */ = {
			isa = PBXSourcesBuildPhase;
			buildActionMask = 2147483647;
			files = (
				1484DC9521F66EFD00A1A723 /* ListTests.swift in Sources */,
			);
			runOnlyForDeploymentPostprocessing = 0;
		};
/* End PBXSourcesBuildPhase section */

/* Begin PBXTargetDependency section */
		1428A91D2257E76500209580 /* PBXTargetDependency */ = {
			isa = PBXTargetDependency;
			target = 1428A9192257E76500209580 /* WatchList Extension */;
			targetProxy = 1428A91C2257E76500209580 /* PBXContainerItemProxy */;
		};
		1428A9272257E76500209580 /* PBXTargetDependency */ = {
			isa = PBXTargetDependency;
			target = 1428A90D2257E76400209580 /* WatchList */;
			targetProxy = 1428A9262257E76500209580 /* PBXContainerItemProxy */;
		};
		1484DC9221F66EFD00A1A723 /* PBXTargetDependency */ = {
			isa = PBXTargetDependency;
			target = 1484DC7821F66EFB00A1A723 /* List */;
			targetProxy = 1484DC9121F66EFD00A1A723 /* PBXContainerItemProxy */;
		};
/* End PBXTargetDependency section */

/* Begin PBXVariantGroup section */
		1428A9102257E76400209580 /* Interface.storyboard */ = {
			isa = PBXVariantGroup;
			children = (
				1428A9112257E76400209580 /* Base */,
			);
			name = Interface.storyboard;
			sourceTree = "<group>";
		};
		1484DC8021F66EFB00A1A723 /* Main.storyboard */ = {
			isa = PBXVariantGroup;
			children = (
				1484DC8121F66EFB00A1A723 /* Base */,
			);
			name = Main.storyboard;
			sourceTree = "<group>";
		};
		1484DC8821F66EFD00A1A723 /* LaunchScreen.storyboard */ = {
			isa = PBXVariantGroup;
			children = (
				1484DC8921F66EFD00A1A723 /* Base */,
			);
			name = LaunchScreen.storyboard;
			sourceTree = "<group>";
		};
/* End PBXVariantGroup section */

/* Begin XCBuildConfiguration section */
		1428A92A2257E76500209580 /* Debug */ = {
			isa = XCBuildConfiguration;
			buildSettings = {
				ASSETCATALOG_COMPILER_COMPLICATION_NAME = Complication;
				CODE_SIGN_ENTITLEMENTS = "WatchList Extension/WatchList Extension.entitlements";
				CODE_SIGN_STYLE = Manual;
				DEVELOPMENT_TEAM = VM99UN38UP;
				INFOPLIST_FILE = "WatchList Extension/Info.plist";
				LD_RUNPATH_SEARCH_PATHS = (
					"$(inherited)",
					"@executable_path/Frameworks",
					"@executable_path/../../Frameworks",
				);
				PRODUCT_BUNDLE_IDENTIFIER = com.rcaroff.List.watchkitapp.watchkitextension;
				PRODUCT_NAME = "${TARGET_NAME}";
				PROVISIONING_PROFILE_SPECIFIER = "match Development com.rcaroff.List.watchkitapp.watchkitextension";
				SDKROOT = watchos;
				SKIP_INSTALL = YES;
				SWIFT_VERSION = 4.2;
				TARGETED_DEVICE_FAMILY = 4;
				WATCHOS_DEPLOYMENT_TARGET = 5.1;
			};
			name = Debug;
		};
		1428A92B2257E76500209580 /* Release */ = {
			isa = XCBuildConfiguration;
			buildSettings = {
				ASSETCATALOG_COMPILER_COMPLICATION_NAME = Complication;
				CODE_SIGN_ENTITLEMENTS = "WatchList Extension/WatchList Extension.entitlements";
				CODE_SIGN_STYLE = Manual;
				DEVELOPMENT_TEAM = VM99UN38UP;
				INFOPLIST_FILE = "WatchList Extension/Info.plist";
				LD_RUNPATH_SEARCH_PATHS = (
					"$(inherited)",
					"@executable_path/Frameworks",
					"@executable_path/../../Frameworks",
				);
				PRODUCT_BUNDLE_IDENTIFIER = com.rcaroff.List.watchkitapp.watchkitextension;
				PRODUCT_NAME = "${TARGET_NAME}";
				PROVISIONING_PROFILE_SPECIFIER = "match Development com.rcaroff.List.watchkitapp.watchkitextension";
				SDKROOT = watchos;
				SKIP_INSTALL = YES;
				SWIFT_VERSION = 4.2;
				TARGETED_DEVICE_FAMILY = 4;
				WATCHOS_DEPLOYMENT_TARGET = 5.1;
			};
			name = Release;
		};
		1428A92E2257E76500209580 /* Debug */ = {
			isa = XCBuildConfiguration;
			buildSettings = {
				ALWAYS_EMBED_SWIFT_STANDARD_LIBRARIES = YES;
				ASSETCATALOG_COMPILER_APPICON_NAME = AppIcon;
				CODE_SIGN_ENTITLEMENTS = WatchList/WatchList.entitlements;
				CODE_SIGN_STYLE = Manual;
				DEVELOPMENT_TEAM = VM99UN38UP;
				IBSC_MODULE = WatchList_Extension;
				INFOPLIST_FILE = WatchList/Info.plist;
				PRODUCT_BUNDLE_IDENTIFIER = com.rcaroff.List.watchkitapp;
				PRODUCT_NAME = "$(TARGET_NAME)";
				PROVISIONING_PROFILE_SPECIFIER = "match Development com.rcaroff.List.watchkitapp";
				SDKROOT = watchos;
				SKIP_INSTALL = YES;
				SWIFT_VERSION = 4.2;
				TARGETED_DEVICE_FAMILY = 4;
				WATCHOS_DEPLOYMENT_TARGET = 5.1;
			};
			name = Debug;
		};
		1428A92F2257E76500209580 /* Release */ = {
			isa = XCBuildConfiguration;
			buildSettings = {
				ALWAYS_EMBED_SWIFT_STANDARD_LIBRARIES = YES;
				ASSETCATALOG_COMPILER_APPICON_NAME = AppIcon;
				CODE_SIGN_ENTITLEMENTS = WatchList/WatchList.entitlements;
				CODE_SIGN_STYLE = Manual;
				DEVELOPMENT_TEAM = VM99UN38UP;
				IBSC_MODULE = WatchList_Extension;
				INFOPLIST_FILE = WatchList/Info.plist;
				PRODUCT_BUNDLE_IDENTIFIER = com.rcaroff.List.watchkitapp;
				PRODUCT_NAME = "$(TARGET_NAME)";
				PROVISIONING_PROFILE_SPECIFIER = "match Development com.rcaroff.List.watchkitapp";
				SDKROOT = watchos;
				SKIP_INSTALL = YES;
				SWIFT_VERSION = 4.2;
				TARGETED_DEVICE_FAMILY = 4;
				WATCHOS_DEPLOYMENT_TARGET = 5.1;
			};
			name = Release;
		};
		1484DC9721F66EFD00A1A723 /* Debug */ = {
			isa = XCBuildConfiguration;
			buildSettings = {
				ALWAYS_SEARCH_USER_PATHS = NO;
				CLANG_ANALYZER_NONNULL = YES;
				CLANG_ANALYZER_NUMBER_OBJECT_CONVERSION = YES_AGGRESSIVE;
				CLANG_CXX_LANGUAGE_STANDARD = "gnu++14";
				CLANG_CXX_LIBRARY = "libc++";
				CLANG_ENABLE_MODULES = YES;
				CLANG_ENABLE_OBJC_ARC = YES;
				CLANG_ENABLE_OBJC_WEAK = YES;
				CLANG_WARN_BLOCK_CAPTURE_AUTORELEASING = YES;
				CLANG_WARN_BOOL_CONVERSION = YES;
				CLANG_WARN_COMMA = YES;
				CLANG_WARN_CONSTANT_CONVERSION = YES;
				CLANG_WARN_DEPRECATED_OBJC_IMPLEMENTATIONS = YES;
				CLANG_WARN_DIRECT_OBJC_ISA_USAGE = YES_ERROR;
				CLANG_WARN_DOCUMENTATION_COMMENTS = YES;
				CLANG_WARN_EMPTY_BODY = YES;
				CLANG_WARN_ENUM_CONVERSION = YES;
				CLANG_WARN_INFINITE_RECURSION = YES;
				CLANG_WARN_INT_CONVERSION = YES;
				CLANG_WARN_NON_LITERAL_NULL_CONVERSION = YES;
				CLANG_WARN_OBJC_IMPLICIT_RETAIN_SELF = YES;
				CLANG_WARN_OBJC_LITERAL_CONVERSION = YES;
				CLANG_WARN_OBJC_ROOT_CLASS = YES_ERROR;
				CLANG_WARN_RANGE_LOOP_ANALYSIS = YES;
				CLANG_WARN_STRICT_PROTOTYPES = YES;
				CLANG_WARN_SUSPICIOUS_MOVE = YES;
				CLANG_WARN_UNGUARDED_AVAILABILITY = YES_AGGRESSIVE;
				CLANG_WARN_UNREACHABLE_CODE = YES;
				CLANG_WARN__DUPLICATE_METHOD_MATCH = YES;
				CODE_SIGN_IDENTITY = "iPhone Developer";
				COPY_PHASE_STRIP = NO;
				DEBUG_INFORMATION_FORMAT = dwarf;
				ENABLE_STRICT_OBJC_MSGSEND = YES;
				ENABLE_TESTABILITY = YES;
				GCC_C_LANGUAGE_STANDARD = gnu11;
				GCC_DYNAMIC_NO_PIC = NO;
				GCC_NO_COMMON_BLOCKS = YES;
				GCC_OPTIMIZATION_LEVEL = 0;
				GCC_PREPROCESSOR_DEFINITIONS = (
					"DEBUG=1",
					"$(inherited)",
				);
				GCC_WARN_64_TO_32_BIT_CONVERSION = YES;
				GCC_WARN_ABOUT_RETURN_TYPE = YES_ERROR;
				GCC_WARN_UNDECLARED_SELECTOR = YES;
				GCC_WARN_UNINITIALIZED_AUTOS = YES_AGGRESSIVE;
				GCC_WARN_UNUSED_FUNCTION = YES;
				GCC_WARN_UNUSED_VARIABLE = YES;
				IPHONEOS_DEPLOYMENT_TARGET = 12.0;
				MTL_ENABLE_DEBUG_INFO = INCLUDE_SOURCE;
				MTL_FAST_MATH = YES;
				ONLY_ACTIVE_ARCH = YES;
				SDKROOT = iphoneos;
				SWIFT_ACTIVE_COMPILATION_CONDITIONS = DEBUG;
				SWIFT_OPTIMIZATION_LEVEL = "-Onone";
			};
			name = Debug;
		};
		1484DC9821F66EFD00A1A723 /* Release */ = {
			isa = XCBuildConfiguration;
			buildSettings = {
				ALWAYS_SEARCH_USER_PATHS = NO;
				CLANG_ANALYZER_NONNULL = YES;
				CLANG_ANALYZER_NUMBER_OBJECT_CONVERSION = YES_AGGRESSIVE;
				CLANG_CXX_LANGUAGE_STANDARD = "gnu++14";
				CLANG_CXX_LIBRARY = "libc++";
				CLANG_ENABLE_MODULES = YES;
				CLANG_ENABLE_OBJC_ARC = YES;
				CLANG_ENABLE_OBJC_WEAK = YES;
				CLANG_WARN_BLOCK_CAPTURE_AUTORELEASING = YES;
				CLANG_WARN_BOOL_CONVERSION = YES;
				CLANG_WARN_COMMA = YES;
				CLANG_WARN_CONSTANT_CONVERSION = YES;
				CLANG_WARN_DEPRECATED_OBJC_IMPLEMENTATIONS = YES;
				CLANG_WARN_DIRECT_OBJC_ISA_USAGE = YES_ERROR;
				CLANG_WARN_DOCUMENTATION_COMMENTS = YES;
				CLANG_WARN_EMPTY_BODY = YES;
				CLANG_WARN_ENUM_CONVERSION = YES;
				CLANG_WARN_INFINITE_RECURSION = YES;
				CLANG_WARN_INT_CONVERSION = YES;
				CLANG_WARN_NON_LITERAL_NULL_CONVERSION = YES;
				CLANG_WARN_OBJC_IMPLICIT_RETAIN_SELF = YES;
				CLANG_WARN_OBJC_LITERAL_CONVERSION = YES;
				CLANG_WARN_OBJC_ROOT_CLASS = YES_ERROR;
				CLANG_WARN_RANGE_LOOP_ANALYSIS = YES;
				CLANG_WARN_STRICT_PROTOTYPES = YES;
				CLANG_WARN_SUSPICIOUS_MOVE = YES;
				CLANG_WARN_UNGUARDED_AVAILABILITY = YES_AGGRESSIVE;
				CLANG_WARN_UNREACHABLE_CODE = YES;
				CLANG_WARN__DUPLICATE_METHOD_MATCH = YES;
				CODE_SIGN_IDENTITY = "iPhone Developer";
				COPY_PHASE_STRIP = NO;
				DEBUG_INFORMATION_FORMAT = "dwarf-with-dsym";
				ENABLE_NS_ASSERTIONS = NO;
				ENABLE_STRICT_OBJC_MSGSEND = YES;
				GCC_C_LANGUAGE_STANDARD = gnu11;
				GCC_NO_COMMON_BLOCKS = YES;
				GCC_WARN_64_TO_32_BIT_CONVERSION = YES;
				GCC_WARN_ABOUT_RETURN_TYPE = YES_ERROR;
				GCC_WARN_UNDECLARED_SELECTOR = YES;
				GCC_WARN_UNINITIALIZED_AUTOS = YES_AGGRESSIVE;
				GCC_WARN_UNUSED_FUNCTION = YES;
				GCC_WARN_UNUSED_VARIABLE = YES;
				IPHONEOS_DEPLOYMENT_TARGET = 12.0;
				MTL_ENABLE_DEBUG_INFO = NO;
				MTL_FAST_MATH = YES;
				SDKROOT = iphoneos;
				SWIFT_COMPILATION_MODE = wholemodule;
				SWIFT_OPTIMIZATION_LEVEL = "-O";
				VALIDATE_PRODUCT = YES;
			};
			name = Release;
		};
		1484DC9A21F66EFD00A1A723 /* Debug */ = {
			isa = XCBuildConfiguration;
			baseConfigurationReference = A768A6A1637EF60ED2487F2F /* Pods-List.debug.xcconfig */;
			buildSettings = {
				ASSETCATALOG_COMPILER_APPICON_NAME = AppIcon;
				CODE_SIGN_ENTITLEMENTS = List/List.entitlements;
				CODE_SIGN_STYLE = Manual;
				DEVELOPMENT_TEAM = VM99UN38UP;
				INFOPLIST_FILE = List/Info.plist;
				IPHONEOS_DEPLOYMENT_TARGET = 12.0;
				LD_RUNPATH_SEARCH_PATHS = (
					"$(inherited)",
					"@executable_path/Frameworks",
				);
				PRODUCT_BUNDLE_IDENTIFIER = com.rcaroff.List;
				PRODUCT_NAME = "$(TARGET_NAME)";
				PROVISIONING_PROFILE_SPECIFIER = "match Development com.rcaroff.List";
				SWIFT_VERSION = 4.2;
				TARGETED_DEVICE_FAMILY = "1,2";
			};
			name = Debug;
		};
		1484DC9B21F66EFD00A1A723 /* Release */ = {
			isa = XCBuildConfiguration;
			baseConfigurationReference = A45694DDB7588934235CEFD8 /* Pods-List.release.xcconfig */;
			buildSettings = {
				ASSETCATALOG_COMPILER_APPICON_NAME = AppIcon;
				CODE_SIGN_ENTITLEMENTS = List/List.entitlements;
				CODE_SIGN_STYLE = Manual;
				DEVELOPMENT_TEAM = VM99UN38UP;
				INFOPLIST_FILE = List/Info.plist;
				IPHONEOS_DEPLOYMENT_TARGET = 12.0;
				LD_RUNPATH_SEARCH_PATHS = (
					"$(inherited)",
					"@executable_path/Frameworks",
				);
				PRODUCT_BUNDLE_IDENTIFIER = com.rcaroff.List;
				PRODUCT_NAME = "$(TARGET_NAME)";
				PROVISIONING_PROFILE_SPECIFIER = "match Development com.rcaroff.List";
				SWIFT_VERSION = 4.2;
				TARGETED_DEVICE_FAMILY = "1,2";
			};
			name = Release;
		};
		1484DC9D21F66EFD00A1A723 /* Debug */ = {
			isa = XCBuildConfiguration;
			baseConfigurationReference = 81FD9C3EFD45ED92B489EDBE /* Pods-ListTests.debug.xcconfig */;
			buildSettings = {
				ALWAYS_EMBED_SWIFT_STANDARD_LIBRARIES = YES;
				BUNDLE_LOADER = "$(TEST_HOST)";
				CODE_SIGN_STYLE = Manual;
				DEVELOPMENT_TEAM = VM99UN38UP;
				INFOPLIST_FILE = ListTests/Info.plist;
				LD_RUNPATH_SEARCH_PATHS = (
					"$(inherited)",
					"@executable_path/Frameworks",
					"@loader_path/Frameworks",
				);
				PRODUCT_BUNDLE_IDENTIFIER = com.rcaroff.ListTests;
				PRODUCT_NAME = "$(TARGET_NAME)";
				PROVISIONING_PROFILE_SPECIFIER = "";
				"PROVISIONING_PROFILE_SPECIFIER[sdk=macosx*]" = "";
				SWIFT_VERSION = 4.2;
				TARGETED_DEVICE_FAMILY = "1,2";
				TEST_HOST = "$(BUILT_PRODUCTS_DIR)/List.app/List";
			};
			name = Debug;
		};
		1484DC9E21F66EFD00A1A723 /* Release */ = {
			isa = XCBuildConfiguration;
			baseConfigurationReference = 0C488DD6B81F270CD724429C /* Pods-ListTests.release.xcconfig */;
			buildSettings = {
				ALWAYS_EMBED_SWIFT_STANDARD_LIBRARIES = YES;
				BUNDLE_LOADER = "$(TEST_HOST)";
				CODE_SIGN_STYLE = Manual;
				DEVELOPMENT_TEAM = VM99UN38UP;
				INFOPLIST_FILE = ListTests/Info.plist;
				LD_RUNPATH_SEARCH_PATHS = (
					"$(inherited)",
					"@executable_path/Frameworks",
					"@loader_path/Frameworks",
				);
				PRODUCT_BUNDLE_IDENTIFIER = com.rcaroff.ListTests;
				PRODUCT_NAME = "$(TARGET_NAME)";
				PROVISIONING_PROFILE_SPECIFIER = "";
				"PROVISIONING_PROFILE_SPECIFIER[sdk=macosx*]" = "";
				SWIFT_VERSION = 4.2;
				TARGETED_DEVICE_FAMILY = "1,2";
				TEST_HOST = "$(BUILT_PRODUCTS_DIR)/List.app/List";
			};
			name = Release;
		};
/* End XCBuildConfiguration section */

/* Begin XCConfigurationList section */
		1428A9292257E76500209580 /* Build configuration list for PBXNativeTarget "WatchList Extension" */ = {
			isa = XCConfigurationList;
			buildConfigurations = (
				1428A92A2257E76500209580 /* Debug */,
				1428A92B2257E76500209580 /* Release */,
			);
			defaultConfigurationIsVisible = 0;
			defaultConfigurationName = Release;
		};
		1428A92D2257E76500209580 /* Build configuration list for PBXNativeTarget "WatchList" */ = {
			isa = XCConfigurationList;
			buildConfigurations = (
				1428A92E2257E76500209580 /* Debug */,
				1428A92F2257E76500209580 /* Release */,
			);
			defaultConfigurationIsVisible = 0;
			defaultConfigurationName = Release;
		};
		1484DC7421F66EFB00A1A723 /* Build configuration list for PBXProject "List" */ = {
			isa = XCConfigurationList;
			buildConfigurations = (
				1484DC9721F66EFD00A1A723 /* Debug */,
				1484DC9821F66EFD00A1A723 /* Release */,
			);
			defaultConfigurationIsVisible = 0;
			defaultConfigurationName = Release;
		};
		1484DC9921F66EFD00A1A723 /* Build configuration list for PBXNativeTarget "List" */ = {
			isa = XCConfigurationList;
			buildConfigurations = (
				1484DC9A21F66EFD00A1A723 /* Debug */,
				1484DC9B21F66EFD00A1A723 /* Release */,
			);
			defaultConfigurationIsVisible = 0;
			defaultConfigurationName = Release;
		};
		1484DC9C21F66EFD00A1A723 /* Build configuration list for PBXNativeTarget "ListTests" */ = {
			isa = XCConfigurationList;
			buildConfigurations = (
				1484DC9D21F66EFD00A1A723 /* Debug */,
				1484DC9E21F66EFD00A1A723 /* Release */,
			);
			defaultConfigurationIsVisible = 0;
			defaultConfigurationName = Release;
		};
/* End XCConfigurationList section */
	};
	rootObject = 1484DC7121F66EFB00A1A723 /* Project object */;
}
